
Microsoft Visual Studio Solution File, Format Version 12.00
# Visual Studio Version 17
VisualStudioVersion = 17.11.35431.28
MinimumVisualStudioVersion = 10.0.40219.1
Project("{FAE04EC0-301F-11D3-BF4B-00C04F79EFBC}") = "SCP294", "SCP294.csproj", "{5DBBB54A-9D5F-4E56-A5D8-F62A871B93EE}"
EndProject
Global
	GlobalSection(SolutionConfigurationPlatforms) = preSolution
		Debug|Any CPU = Debug|Any CPU
		Release|Any CPU = Release|Any CPU
	EndGlobalSection
	GlobalSection(ProjectConfigurationPlatforms) = postSolution
		{5DBBB54A-9D5F-4E56-A5D8-F62A871B93EE}.Debug|Any CPU.ActiveCfg = Debug|Any CPU
		{5DBBB54A-9D5F-4E56-A5D8-F62A871B93EE}.Debug|Any CPU.Build.0 = Debug|Any CPU
		{5DBBB54A-9D5F-4E56-A5D8-F62A871B93EE}.Release|Any CPU.ActiveCfg = Release|Any CPU
		{5DBBB54A-9D5F-4E56-A5D8-F62A871B93EE}.Release|Any CPU.Build.0 = Release|Any CPU
	EndGlobalSection
	GlobalSection(SolutionProperties) = preSolution
		HideSolutionNode = FALSE
	EndGlobalSection
	GlobalSection(ExtensibilityGlobals) = postSolution
		SolutionGuid = {3BCE18A9-A06D-4ED1-AFEE-2E2BF611868F}
	EndGlobalSection
EndGlobal
